
Microsoft Visual Studio Solution File, Format Version 12.00
# Visual Studio Version 16
VisualStudioVersion = 16.0.31402.337
MinimumVisualStudioVersion = 10.0.40219.1
Project("{9A19103F-16F7-4668-BE54-9A1E7A4F7556}") = "BlackDuckCMDTools", "BlackDuckCMDTools\BlackDuckCMDTools.csproj", "{5FCD6AA3-5E71-49EB-BFFF-E4B3EB41B2C0}"
EndProject
Project("{9A19103F-16F7-4668-BE54-9A1E7A4F7556}") = "BlackDuckAPITestProject", "BlackDuckAPITestProject\BlackDuckAPITestProject.csproj", "{9BA7E194-B5C5-444A-B74F-4ED850A7341B}"
EndProject
Project("{9A19103F-16F7-4668-BE54-9A1E7A4F7556}") = "GetBomMatchedFiles", "GetBomMatchedFiles\GetBomMatchedFiles.csproj", "{6B908A63-F523-401E-8F53-A09159AF9049}"
EndProject
Project("{9A19103F-16F7-4668-BE54-9A1E7A4F7556}") = "GetComponentsUUID", "GetComponentsUUID\GetComponentsUUID.csproj", "{6363758C-4071-4789-9492-66E154F01BB6}"
EndProject
Project("{9A19103F-16F7-4668-BE54-9A1E7A4F7556}") = "GetAllProjectsWithVersionCount", "GetAllProjectsWithVersionCount\GetAllProjectsWithVersionCount.csproj", "{A63F367D-DDA2-40BE-90C7-EFECA21DFA02}"
EndProject
Project("{9A19103F-16F7-4668-BE54-9A1E7A4F7556}") = "GetComponentUsedProjects", "GetComponentUsedProjects\GetComponentUsedProjects.csproj", "{085C024C-087C-4142-A0F8-74E709BD6821}"
EndProject
Project("{9A19103F-16F7-4668-BE54-9A1E7A4F7556}") = "GetAllScans", "GetAllScans\GetAllScans.csproj", "{E4B5A86F-0541-468F-80D8-11530461AC15}"
EndProject
Project("{9A19103F-16F7-4668-BE54-9A1E7A4F7556}") = "DeleteUnmappedCodelocations", "DeleteUnmappedCodelocations\DeleteUnmappedCodelocations.csproj", "{4B38CBD5-2A40-4821-9F34-24F0050D0A0A}"
EndProject
Project("{FAE04EC0-301F-11D3-BF4B-00C04F79EFBC}") = "DeleteEmptyVersions", "DeleteEmptyVersions\DeleteEmptyVersions.csproj", "{4872D849-E605-4A4F-B6CE-F1ED85BAFEEC}"
EndProject
Global
	GlobalSection(SolutionConfigurationPlatforms) = preSolution
		Debug|Any CPU = Debug|Any CPU
		Release|Any CPU = Release|Any CPU
	EndGlobalSection
	GlobalSection(ProjectConfigurationPlatforms) = postSolution
		{5FCD6AA3-5E71-49EB-BFFF-E4B3EB41B2C0}.Debug|Any CPU.ActiveCfg = Debug|Any CPU
		{5FCD6AA3-5E71-49EB-BFFF-E4B3EB41B2C0}.Debug|Any CPU.Build.0 = Debug|Any CPU
		{5FCD6AA3-5E71-49EB-BFFF-E4B3EB41B2C0}.Release|Any CPU.ActiveCfg = Release|Any CPU
		{5FCD6AA3-5E71-49EB-BFFF-E4B3EB41B2C0}.Release|Any CPU.Build.0 = Release|Any CPU
		{9BA7E194-B5C5-444A-B74F-4ED850A7341B}.Debug|Any CPU.ActiveCfg = Debug|Any CPU
		{9BA7E194-B5C5-444A-B74F-4ED850A7341B}.Debug|Any CPU.Build.0 = Debug|Any CPU
		{9BA7E194-B5C5-444A-B74F-4ED850A7341B}.Release|Any CPU.ActiveCfg = Release|Any CPU
		{9BA7E194-B5C5-444A-B74F-4ED850A7341B}.Release|Any CPU.Build.0 = Release|Any CPU
		{6B908A63-F523-401E-8F53-A09159AF9049}.Debug|Any CPU.ActiveCfg = Debug|Any CPU
		{6B908A63-F523-401E-8F53-A09159AF9049}.Debug|Any CPU.Build.0 = Debug|Any CPU
		{6B908A63-F523-401E-8F53-A09159AF9049}.Release|Any CPU.ActiveCfg = Release|Any CPU
		{6B908A63-F523-401E-8F53-A09159AF9049}.Release|Any CPU.Build.0 = Release|Any CPU
		{6363758C-4071-4789-9492-66E154F01BB6}.Debug|Any CPU.ActiveCfg = Debug|Any CPU
		{6363758C-4071-4789-9492-66E154F01BB6}.Debug|Any CPU.Build.0 = Debug|Any CPU
		{6363758C-4071-4789-9492-66E154F01BB6}.Release|Any CPU.ActiveCfg = Release|Any CPU
		{6363758C-4071-4789-9492-66E154F01BB6}.Release|Any CPU.Build.0 = Release|Any CPU
		{A63F367D-DDA2-40BE-90C7-EFECA21DFA02}.Debug|Any CPU.ActiveCfg = Debug|Any CPU
		{A63F367D-DDA2-40BE-90C7-EFECA21DFA02}.Debug|Any CPU.Build.0 = Debug|Any CPU
		{A63F367D-DDA2-40BE-90C7-EFECA21DFA02}.Release|Any CPU.ActiveCfg = Release|Any CPU
		{A63F367D-DDA2-40BE-90C7-EFECA21DFA02}.Release|Any CPU.Build.0 = Release|Any CPU
		{085C024C-087C-4142-A0F8-74E709BD6821}.Debug|Any CPU.ActiveCfg = Debug|Any CPU
		{085C024C-087C-4142-A0F8-74E709BD6821}.Debug|Any CPU.Build.0 = Debug|Any CPU
		{085C024C-087C-4142-A0F8-74E709BD6821}.Release|Any CPU.ActiveCfg = Release|Any CPU
		{085C024C-087C-4142-A0F8-74E709BD6821}.Release|Any CPU.Build.0 = Release|Any CPU
		{E4B5A86F-0541-468F-80D8-11530461AC15}.Debug|Any CPU.ActiveCfg = Debug|Any CPU
		{E4B5A86F-0541-468F-80D8-11530461AC15}.Debug|Any CPU.Build.0 = Debug|Any CPU
		{E4B5A86F-0541-468F-80D8-11530461AC15}.Release|Any CPU.ActiveCfg = Release|Any CPU
		{E4B5A86F-0541-468F-80D8-11530461AC15}.Release|Any CPU.Build.0 = Release|Any CPU
		{4B38CBD5-2A40-4821-9F34-24F0050D0A0A}.Debug|Any CPU.ActiveCfg = Debug|Any CPU
		{4B38CBD5-2A40-4821-9F34-24F0050D0A0A}.Debug|Any CPU.Build.0 = Debug|Any CPU
		{4B38CBD5-2A40-4821-9F34-24F0050D0A0A}.Release|Any CPU.ActiveCfg = Release|Any CPU
		{4B38CBD5-2A40-4821-9F34-24F0050D0A0A}.Release|Any CPU.Build.0 = Release|Any CPU
		{4872D849-E605-4A4F-B6CE-F1ED85BAFEEC}.Debug|Any CPU.ActiveCfg = Debug|Any CPU
		{4872D849-E605-4A4F-B6CE-F1ED85BAFEEC}.Debug|Any CPU.Build.0 = Debug|Any CPU
		{4872D849-E605-4A4F-B6CE-F1ED85BAFEEC}.Release|Any CPU.ActiveCfg = Release|Any CPU
		{4872D849-E605-4A4F-B6CE-F1ED85BAFEEC}.Release|Any CPU.Build.0 = Release|Any CPU
	EndGlobalSection
	GlobalSection(SolutionProperties) = preSolution
		HideSolutionNode = FALSE
	EndGlobalSection
	GlobalSection(ExtensibilityGlobals) = postSolution
		SolutionGuid = {10036316-C5EF-4886-A2EA-9E597ECCDB25}
	EndGlobalSection
EndGlobal
